
Microsoft Visual Studio Solution File, Format Version 12.00
# Visual Studio Version 16
VisualStudioVersion = 16.0.29609.76
MinimumVisualStudioVersion = 10.0.40219.1
Project("{FAE04EC0-301F-11D3-BF4B-00C04F79EFBC}") = "Lab8.2", "Lab8.2\Lab8.2.csproj", "{8B62CA9C-C2BB-4435-85A7-1927B3174978}"
EndProject
Global
	GlobalSection(SolutionConfigurationPlatforms) = preSolution
		Debug|Any CPU = Debug|Any CPU
		Release|Any CPU = Release|Any CPU
	EndGlobalSection
	GlobalSection(ProjectConfigurationPlatforms) = postSolution
		{8B62CA9C-C2BB-4435-85A7-1927B3174978}.Debug|Any CPU.ActiveCfg = Debug|Any CPU
		{8B62CA9C-C2BB-4435-85A7-1927B3174978}.Debug|Any CPU.Build.0 = Debug|Any CPU
		{8B62CA9C-C2BB-4435-85A7-1927B3174978}.Release|Any CPU.ActiveCfg = Release|Any CPU
		{8B62CA9C-C2BB-4435-85A7-1927B3174978}.Release|Any CPU.Build.0 = Release|Any CPU
	EndGlobalSection
	GlobalSection(SolutionProperties) = preSolution
		HideSolutionNode = FALSE
	EndGlobalSection
	GlobalSection(ExtensibilityGlobals) = postSolution
		SolutionGuid = {87517491-AABA-4C67-AF44-2BBDD8DC9939}
	EndGlobalSection
EndGlobal
